
Microsoft Visual Studio Solution File, Format Version 12.00
# Visual Studio Version 16
VisualStudioVersion = 16.0.31613.86
MinimumVisualStudioVersion = 10.0.40219.1
Project("{FAE04EC0-301F-11D3-BF4B-00C04F79EFBC}") = "TodoCsharp.common", "TodoCsharp.common\TodoCsharp.common.csproj", "{934065FE-CE32-4C1F-B3E2-026F263DCE2F}"
EndProject
Project("{FAE04EC0-301F-11D3-BF4B-00C04F79EFBC}") = "TodoCsharp.AzureFunction", "TodoCsharp.AzureFunction\TodoCsharp.AzureFunction.csproj", "{5F966152-32A6-4171-8E7C-45861747046A}"
EndProject
Project("{FAE04EC0-301F-11D3-BF4B-00C04F79EFBC}") = "TodoCsharp.Test", "TodoCsharp.Test\TodoCsharp.Test.csproj", "{09D10AB8-8C9D-4ECF-8AB9-EACD1E4C3C2D}"
EndProject
Global
	GlobalSection(SolutionConfigurationPlatforms) = preSolution
		Debug|Any CPU = Debug|Any CPU
		Release|Any CPU = Release|Any CPU
	EndGlobalSection
	GlobalSection(ProjectConfigurationPlatforms) = postSolution
		{934065FE-CE32-4C1F-B3E2-026F263DCE2F}.Debug|Any CPU.ActiveCfg = Debug|Any CPU
		{934065FE-CE32-4C1F-B3E2-026F263DCE2F}.Debug|Any CPU.Build.0 = Debug|Any CPU
		{934065FE-CE32-4C1F-B3E2-026F263DCE2F}.Release|Any CPU.ActiveCfg = Release|Any CPU
		{934065FE-CE32-4C1F-B3E2-026F263DCE2F}.Release|Any CPU.Build.0 = Release|Any CPU
		{5F966152-32A6-4171-8E7C-45861747046A}.Debug|Any CPU.ActiveCfg = Debug|Any CPU
		{5F966152-32A6-4171-8E7C-45861747046A}.Debug|Any CPU.Build.0 = Debug|Any CPU
		{5F966152-32A6-4171-8E7C-45861747046A}.Release|Any CPU.ActiveCfg = Release|Any CPU
		{5F966152-32A6-4171-8E7C-45861747046A}.Release|Any CPU.Build.0 = Release|Any CPU
		{09D10AB8-8C9D-4ECF-8AB9-EACD1E4C3C2D}.Debug|Any CPU.ActiveCfg = Debug|Any CPU
		{09D10AB8-8C9D-4ECF-8AB9-EACD1E4C3C2D}.Debug|Any CPU.Build.0 = Debug|Any CPU
		{09D10AB8-8C9D-4ECF-8AB9-EACD1E4C3C2D}.Release|Any CPU.ActiveCfg = Release|Any CPU
		{09D10AB8-8C9D-4ECF-8AB9-EACD1E4C3C2D}.Release|Any CPU.Build.0 = Release|Any CPU
	EndGlobalSection
	GlobalSection(SolutionProperties) = preSolution
		HideSolutionNode = FALSE
	EndGlobalSection
	GlobalSection(ExtensibilityGlobals) = postSolution
		SolutionGuid = {1E072607-6A8E-417B-9205-4049C4F67B70}
	EndGlobalSection
EndGlobal
